Microsoft Visual Studio Solution File, Format Version 12.00
# Visual Studio Version 16
VisualStudioVersion = 16.0.29613.14
MinimumVisualStudioVersion = 10.0.40219.1
Project("{9A19103F-16F7-4668-BE54-9A1E7A4F7556}") = "SocialChef.Application", "SocialChef.Application\SocialChef.Application.csproj", "{7EA53AF9-90B6-4D23-9452-2CC97F973721}"
EndProject
Project("{9A19103F-16F7-4668-BE54-9A1E7A4F7556}") = "LittleByte.Asp", "LittleByte\LittleByte.Asp\LittleByte.Asp.csproj", "{F7D6E032-7A14-4EE3-A3A6-1CA1E6B039F6}"
EndProject
Project("{9A19103F-16F7-4668-BE54-9A1E7A4F7556}") = "LittleByte.Asp.Test", "LittleByte\LittleByte.Asp.Test\LittleByte.Asp.Test.csproj", "{FEE0879C-3467-4D65-9FA8-29806CEB1F97}"
EndProject
Project("{2150E333-8FDC-42A3-9474-1A3956D46DE8}") = "Solution Items", "Solution Items", "{A3D9A336-6015-40EB-8CC5-D98EFB97A3B9}"
	ProjectSection(SolutionItems) = preProject
		.editorconfig = .editorconfig
		SocialChefApi.sln.startup.json = SocialChefApi.sln.startup.json
	EndProjectSection
EndProject
Project("{9A19103F-16F7-4668-BE54-9A1E7A4F7556}") = "SocialChef.Domain.Document", "SocialChef.Domain.Document\SocialChef.Domain.Document.csproj", "{6C419138-62E5-439F-AA4B-3F0240233B26}"
EndProject
Project("{9A19103F-16F7-4668-BE54-9A1E7A4F7556}") = "SocialChef.Domain.Relational", "SocialChef.Domain.Relational\SocialChef.Domain.Relational.csproj", "{0C302FA7-D0D9-4CB3-939D-5096CF3DE47D}"
EndProject
Project("{9A19103F-16F7-4668-BE54-9A1E7A4F7556}") = "SocialChef.Identity.Transport", "SocialChef.Identity.Transport\SocialChef.Identity.Transport.csproj", "{0C4C3CB8-8018-448D-8746-2CDEFC3FEE5E}"
EndProject
Project("{9A19103F-16F7-4668-BE54-9A1E7A4F7556}") = "SocialChef.Domain", "SocialChef.Domain\SocialChef.Domain.csproj", "{A8ACCE4F-3473-4894-AA83-CC892058A1BA}"
EndProject
Project("{9A19103F-16F7-4668-BE54-9A1E7A4F7556}") = "SocialChef.Domain.Test", "SocialChef.Domain.Test\SocialChef.Domain.Test.csproj", "{A61CB408-7282-46A8-A718-8164FEFF0EFB}"
EndProject
Project("{9A19103F-16F7-4668-BE54-9A1E7A4F7556}") = "SocialChef.Application.Test", "SocialChef.Application.Test\SocialChef.Application.Test.csproj", "{C852FCEE-946D-46F0-A8D4-154B0FAE6952}"
EndProject
Global
	GlobalSection(SolutionConfigurationPlatforms) = preSolution
		Debug|Any CPU = Debug|Any CPU
		Release|Any CPU = Release|Any CPU
	EndGlobalSection
	GlobalSection(ProjectConfigurationPlatforms) = postSolution
		{7EA53AF9-90B6-4D23-9452-2CC97F973721}.Debug|Any CPU.ActiveCfg = Debug|Any CPU
		{7EA53AF9-90B6-4D23-9452-2CC97F973721}.Debug|Any CPU.Build.0 = Debug|Any CPU
		{7EA53AF9-90B6-4D23-9452-2CC97F973721}.Release|Any CPU.ActiveCfg = Release|Any CPU
		{7EA53AF9-90B6-4D23-9452-2CC97F973721}.Release|Any CPU.Build.0 = Release|Any CPU
		{F7D6E032-7A14-4EE3-A3A6-1CA1E6B039F6}.Debug|Any CPU.ActiveCfg = Debug|Any CPU
		{F7D6E032-7A14-4EE3-A3A6-1CA1E6B039F6}.Debug|Any CPU.Build.0 = Debug|Any CPU
		{F7D6E032-7A14-4EE3-A3A6-1CA1E6B039F6}.Release|Any CPU.ActiveCfg = Release|Any CPU
		{F7D6E032-7A14-4EE3-A3A6-1CA1E6B039F6}.Release|Any CPU.Build.0 = Release|Any CPU
		{FEE0879C-3467-4D65-9FA8-29806CEB1F97}.Debug|Any CPU.ActiveCfg = Debug|Any CPU
		{FEE0879C-3467-4D65-9FA8-29806CEB1F97}.Debug|Any CPU.Build.0 = Debug|Any CPU
		{FEE0879C-3467-4D65-9FA8-29806CEB1F97}.Release|Any CPU.ActiveCfg = Release|Any CPU
		{FEE0879C-3467-4D65-9FA8-29806CEB1F97}.Release|Any CPU.Build.0 = Release|Any CPU
		{6C419138-62E5-439F-AA4B-3F0240233B26}.Debug|Any CPU.ActiveCfg = Debug|Any CPU
		{6C419138-62E5-439F-AA4B-3F0240233B26}.Debug|Any CPU.Build.0 = Debug|Any CPU
		{6C419138-62E5-439F-AA4B-3F0240233B26}.Release|Any CPU.ActiveCfg = Release|Any CPU
		{6C419138-62E5-439F-AA4B-3F0240233B26}.Release|Any CPU.Build.0 = Release|Any CPU
		{0C302FA7-D0D9-4CB3-939D-5096CF3DE47D}.Debug|Any CPU.ActiveCfg = Debug|Any CPU
		{0C302FA7-D0D9-4CB3-939D-5096CF3DE47D}.Debug|Any CPU.Build.0 = Debug|Any CPU
		{0C302FA7-D0D9-4CB3-939D-5096CF3DE47D}.Release|Any CPU.ActiveCfg = Release|Any CPU
		{0C302FA7-D0D9-4CB3-939D-5096CF3DE47D}.Release|Any CPU.Build.0 = Release|Any CPU
		{0C4C3CB8-8018-448D-8746-2CDEFC3FEE5E}.Debug|Any CPU.ActiveCfg = Debug|Any CPU
		{0C4C3CB8-8018-448D-8746-2CDEFC3FEE5E}.Debug|Any CPU.Build.0 = Debug|Any CPU
		{0C4C3CB8-8018-448D-8746-2CDEFC3FEE5E}.Release|Any CPU.ActiveCfg = Release|Any CPU
		{0C4C3CB8-8018-448D-8746-2CDEFC3FEE5E}.Release|Any CPU.Build.0 = Release|Any CPU
		{A8ACCE4F-3473-4894-AA83-CC892058A1BA}.Debug|Any CPU.ActiveCfg = Debug|Any CPU
		{A8ACCE4F-3473-4894-AA83-CC892058A1BA}.Debug|Any CPU.Build.0 = Debug|Any CPU
		{A8ACCE4F-3473-4894-AA83-CC892058A1BA}.Release|Any CPU.ActiveCfg = Release|Any CPU
		{A8ACCE4F-3473-4894-AA83-CC892058A1BA}.Release|Any CPU.Build.0 = Release|Any CPU
		{A61CB408-7282-46A8-A718-8164FEFF0EFB}.Debug|Any CPU.ActiveCfg = Debug|Any CPU
		{A61CB408-7282-46A8-A718-8164FEFF0EFB}.Debug|Any CPU.Build.0 = Debug|Any CPU
		{A61CB408-7282-46A8-A718-8164FEFF0EFB}.Release|Any CPU.ActiveCfg = Release|Any CPU
		{A61CB408-7282-46A8-A718-8164FEFF0EFB}.Release|Any CPU.Build.0 = Release|Any CPU
		{C852FCEE-946D-46F0-A8D4-154B0FAE6952}.Debug|Any CPU.ActiveCfg = Debug|Any CPU
		{C852FCEE-946D-46F0-A8D4-154B0FAE6952}.Debug|Any CPU.Build.0 = Debug|Any CPU
		{C852FCEE-946D-46F0-A8D4-154B0FAE6952}.Release|Any CPU.ActiveCfg = Release|Any CPU
		{C852FCEE-946D-46F0-A8D4-154B0FAE6952}.Release|Any CPU.Build.0 = Release|Any CPU
	EndGlobalSection
	GlobalSection(SolutionProperties) = preSolution
		HideSolutionNode = FALSE
	EndGlobalSection
	GlobalSection(ExtensibilityGlobals) = postSolution
		SolutionGuid = {35533666-64D3-42B3-8663-84C51BBA6CBF}
	EndGlobalSection
EndGlobal
